
Microsoft Visual Studio Solution File, Format Version 12.00
# Visual Studio Version 17
VisualStudioVersion = 17.0.31903.59
MinimumVisualStudioVersion = 10.0.40219.1
Project("{9A19103F-16F7-4668-BE54-9A1E7A4F7556}") = "DepositaCashOperations.Application", "DepositaCashOperations.Application\DepositaCashOperations.Application.csproj", "{5CA5F3CA-E879-4D57-8E8F-EF6D24662D9A}"
EndProject
Project("{9A19103F-16F7-4668-BE54-9A1E7A4F7556}") = "DepositaCashOperations.Domain", "DepositaCashOperations.Domain\DepositaCashOperations.Domain.csproj", "{17B301A8-27A2-4F15-99E4-9129B80359D3}"
EndProject
Project("{9A19103F-16F7-4668-BE54-9A1E7A4F7556}") = "DepositaCashOperations.Infrastructure", "DepositaCashOperations.Infrastructure\DepositaCashOperations.Infrastructure.csproj", "{46340107-B76A-4A6B-AB47-573EEF3B3674}"
EndProject
Project("{9A19103F-16F7-4668-BE54-9A1E7A4F7556}") = "DepositaCashOperations.Tests", "DepositaCashOperations.Tests\DepositaCashOperations.Tests.csproj", "{0298FB02-E953-488A-836E-72D400DC080E}"
EndProject
Project("{FAE04EC0-301F-11D3-BF4B-00C04F79EFBC}") = "DepositaCashOperations.API", "DepositaCashOperations.API\DepositaCashOperations.API.csproj", "{0C7BCC16-BA31-4CDC-9B98-2D1E711646B8}"
EndProject
Global
	GlobalSection(SolutionConfigurationPlatforms) = preSolution
		Debug|Any CPU = Debug|Any CPU
		Release|Any CPU = Release|Any CPU
	EndGlobalSection
	GlobalSection(ProjectConfigurationPlatforms) = postSolution
		{5CA5F3CA-E879-4D57-8E8F-EF6D24662D9A}.Debug|Any CPU.ActiveCfg = Debug|Any CPU
		{5CA5F3CA-E879-4D57-8E8F-EF6D24662D9A}.Debug|Any CPU.Build.0 = Debug|Any CPU
		{5CA5F3CA-E879-4D57-8E8F-EF6D24662D9A}.Release|Any CPU.ActiveCfg = Release|Any CPU
		{5CA5F3CA-E879-4D57-8E8F-EF6D24662D9A}.Release|Any CPU.Build.0 = Release|Any CPU
		{17B301A8-27A2-4F15-99E4-9129B80359D3}.Debug|Any CPU.ActiveCfg = Debug|Any CPU
		{17B301A8-27A2-4F15-99E4-9129B80359D3}.Debug|Any CPU.Build.0 = Debug|Any CPU
		{17B301A8-27A2-4F15-99E4-9129B80359D3}.Release|Any CPU.ActiveCfg = Release|Any CPU
		{17B301A8-27A2-4F15-99E4-9129B80359D3}.Release|Any CPU.Build.0 = Release|Any CPU
		{46340107-B76A-4A6B-AB47-573EEF3B3674}.Debug|Any CPU.ActiveCfg = Debug|Any CPU
		{46340107-B76A-4A6B-AB47-573EEF3B3674}.Debug|Any CPU.Build.0 = Debug|Any CPU
		{46340107-B76A-4A6B-AB47-573EEF3B3674}.Release|Any CPU.ActiveCfg = Release|Any CPU
		{46340107-B76A-4A6B-AB47-573EEF3B3674}.Release|Any CPU.Build.0 = Release|Any CPU
		{0298FB02-E953-488A-836E-72D400DC080E}.Debug|Any CPU.ActiveCfg = Debug|Any CPU
		{0298FB02-E953-488A-836E-72D400DC080E}.Debug|Any CPU.Build.0 = Debug|Any CPU
		{0298FB02-E953-488A-836E-72D400DC080E}.Release|Any CPU.ActiveCfg = Release|Any CPU
		{0298FB02-E953-488A-836E-72D400DC080E}.Release|Any CPU.Build.0 = Release|Any CPU
		{0C7BCC16-BA31-4CDC-9B98-2D1E711646B8}.Debug|Any CPU.ActiveCfg = Debug|Any CPU
		{0C7BCC16-BA31-4CDC-9B98-2D1E711646B8}.Debug|Any CPU.Build.0 = Debug|Any CPU
		{0C7BCC16-BA31-4CDC-9B98-2D1E711646B8}.Release|Any CPU.ActiveCfg = Release|Any CPU
		{0C7BCC16-BA31-4CDC-9B98-2D1E711646B8}.Release|Any CPU.Build.0 = Release|Any CPU
	EndGlobalSection
	GlobalSection(SolutionProperties) = preSolution
		HideSolutionNode = FALSE
	EndGlobalSection
	GlobalSection(ExtensibilityGlobals) = postSolution
		SolutionGuid = {7196DA79-1B46-47BE-9A89-0ED666F8E6A5}
	EndGlobalSection
EndGlobal
